
Microsoft Visual Studio Solution File, Format Version 12.00
# Visual Studio Version 17
VisualStudioVersion = 17.5.001.0
MinimumVisualStudioVersion = 10.0.40219.1
Project("{9A19103F-16F7-4668-BE54-9A1E7A4F7556}") = "FarmersAPI", "FarmersAPI.csproj", "{0A1F44F5-B135-4FDA-A78C-538FC1453FAE}"
EndProject
Global
	GlobalSection(SolutionConfigurationPlatforms) = preSolution
		Debug|Any CPU = Debug|Any CPU
		Release|Any CPU = Release|Any CPU
	EndGlobalSection
	GlobalSection(ProjectConfigurationPlatforms) = postSolution
		{0A1F44F5-B135-4FDA-A78C-538FC1453FAE}.Debug|Any CPU.ActiveCfg = Debug|Any CPU
		{0A1F44F5-B135-4FDA-A78C-538FC1453FAE}.Debug|Any CPU.Build.0 = Debug|Any CPU
		{0A1F44F5-B135-4FDA-A78C-538FC1453FAE}.Release|Any CPU.ActiveCfg = Release|Any CPU
		{0A1F44F5-B135-4FDA-A78C-538FC1453FAE}.Release|Any CPU.Build.0 = Release|Any CPU
	EndGlobalSection
	GlobalSection(SolutionProperties) = preSolution
		HideSolutionNode = FALSE
	EndGlobalSection
	GlobalSection(ExtensibilityGlobals) = postSolution
		SolutionGuid = {BBF50D06-F1F3-4B3B-89B8-4207103CB805}
	EndGlobalSection
EndGlobal
